
Microsoft Visual Studio Solution File, Format Version 12.00
# Visual Studio Version 17
VisualStudioVersion = 17.2.32408.312
MinimumVisualStudioVersion = 10.0.40219.1
Project("{FAE04EC0-301F-11D3-BF4B-00C04F79EFBC}") = "lab2", "lab2\lab2.csproj", "{FC3BFF71-E045-4D58-8B93-77D98E9F2C61}"
EndProject
Global
	GlobalSection(SolutionConfigurationPlatforms) = preSolution
		Debug|Any CPU = Debug|Any CPU
		Release|Any CPU = Release|Any CPU
	EndGlobalSection
	GlobalSection(ProjectConfigurationPlatforms) = postSolution
		{FC3BFF71-E045-4D58-8B93-77D98E9F2C61}.Debug|Any CPU.ActiveCfg = Debug|Any CPU
		{FC3BFF71-E045-4D58-8B93-77D98E9F2C61}.Debug|Any CPU.Build.0 = Debug|Any CPU
		{FC3BFF71-E045-4D58-8B93-77D98E9F2C61}.Release|Any CPU.ActiveCfg = Release|Any CPU
		{FC3BFF71-E045-4D58-8B93-77D98E9F2C61}.Release|Any CPU.Build.0 = Release|Any CPU
	EndGlobalSection
	GlobalSection(SolutionProperties) = preSolution
		HideSolutionNode = FALSE
	EndGlobalSection
	GlobalSection(ExtensibilityGlobals) = postSolution
		SolutionGuid = {937DFBD4-E5AF-40C2-B270-594BF7EB1680}
	EndGlobalSection
EndGlobal
